
Microsoft Visual Studio Solution File, Format Version 12.00
# Visual Studio Version 17
VisualStudioVersion = 17.0.31919.166
MinimumVisualStudioVersion = 10.0.40219.1
Project("{9A19103F-16F7-4668-BE54-9A1E7A4F7556}") = "Whyne.API", "api\Whyne.API.csproj", "{FAD8FCAD-8F3F-4122-82AA-8E4AA8E23151}"
EndProject
Project("{9A19103F-16F7-4668-BE54-9A1E7A4F7556}") = "Whyne.App", "app\Whyne.App.csproj", "{F1023F14-86E6-4559-8314-33C97BC99EDD}"
	ProjectSection(ProjectDependencies) = postProject
		{74F74F0E-00A6-4D1C-B220-B0210687E104} = {74F74F0E-00A6-4D1C-B220-B0210687E104}
		{49BEE8BE-E9BB-42D8-A0EC-8F37C8AEE10A} = {49BEE8BE-E9BB-42D8-A0EC-8F37C8AEE10A}
	EndProjectSection
EndProject
Project("{9A19103F-16F7-4668-BE54-9A1E7A4F7556}") = "Whyne.DAL", "Whyne.DAL\Whyne.DAL.csproj", "{74F74F0E-00A6-4D1C-B220-B0210687E104}"
EndProject
Project("{9A19103F-16F7-4668-BE54-9A1E7A4F7556}") = "Whyne.BL", "Whyne.BL\Whyne.BL.csproj", "{49BEE8BE-E9BB-42D8-A0EC-8F37C8AEE10A}"
EndProject
Project("{9A19103F-16F7-4668-BE54-9A1E7A4F7556}") = "Whyne.Models", "Whyne.Models\Whyne.Models.csproj", "{73C28E8C-4FB2-418C-AA25-4CB2FA6663FD}"
EndProject
Global
	GlobalSection(SolutionConfigurationPlatforms) = preSolution
		Debug|Any CPU = Debug|Any CPU
		Release|Any CPU = Release|Any CPU
	EndGlobalSection
	GlobalSection(ProjectConfigurationPlatforms) = postSolution
		{FAD8FCAD-8F3F-4122-82AA-8E4AA8E23151}.Debug|Any CPU.ActiveCfg = Debug|Any CPU
		{FAD8FCAD-8F3F-4122-82AA-8E4AA8E23151}.Debug|Any CPU.Build.0 = Debug|Any CPU
		{FAD8FCAD-8F3F-4122-82AA-8E4AA8E23151}.Release|Any CPU.ActiveCfg = Release|Any CPU
		{FAD8FCAD-8F3F-4122-82AA-8E4AA8E23151}.Release|Any CPU.Build.0 = Release|Any CPU
		{F1023F14-86E6-4559-8314-33C97BC99EDD}.Debug|Any CPU.ActiveCfg = Debug|Any CPU
		{F1023F14-86E6-4559-8314-33C97BC99EDD}.Debug|Any CPU.Build.0 = Debug|Any CPU
		{F1023F14-86E6-4559-8314-33C97BC99EDD}.Release|Any CPU.ActiveCfg = Release|Any CPU
		{F1023F14-86E6-4559-8314-33C97BC99EDD}.Release|Any CPU.Build.0 = Release|Any CPU
		{74F74F0E-00A6-4D1C-B220-B0210687E104}.Debug|Any CPU.ActiveCfg = Debug|Any CPU
		{74F74F0E-00A6-4D1C-B220-B0210687E104}.Debug|Any CPU.Build.0 = Debug|Any CPU
		{74F74F0E-00A6-4D1C-B220-B0210687E104}.Release|Any CPU.ActiveCfg = Release|Any CPU
		{74F74F0E-00A6-4D1C-B220-B0210687E104}.Release|Any CPU.Build.0 = Release|Any CPU
		{49BEE8BE-E9BB-42D8-A0EC-8F37C8AEE10A}.Debug|Any CPU.ActiveCfg = Debug|Any CPU
		{49BEE8BE-E9BB-42D8-A0EC-8F37C8AEE10A}.Debug|Any CPU.Build.0 = Debug|Any CPU
		{49BEE8BE-E9BB-42D8-A0EC-8F37C8AEE10A}.Release|Any CPU.ActiveCfg = Release|Any CPU
		{49BEE8BE-E9BB-42D8-A0EC-8F37C8AEE10A}.Release|Any CPU.Build.0 = Release|Any CPU
		{73C28E8C-4FB2-418C-AA25-4CB2FA6663FD}.Debug|Any CPU.ActiveCfg = Debug|Any CPU
		{73C28E8C-4FB2-418C-AA25-4CB2FA6663FD}.Debug|Any CPU.Build.0 = Debug|Any CPU
		{73C28E8C-4FB2-418C-AA25-4CB2FA6663FD}.Release|Any CPU.ActiveCfg = Release|Any CPU
		{73C28E8C-4FB2-418C-AA25-4CB2FA6663FD}.Release|Any CPU.Build.0 = Release|Any CPU
	EndGlobalSection
	GlobalSection(SolutionProperties) = preSolution
		HideSolutionNode = FALSE
	EndGlobalSection
	GlobalSection(ExtensibilityGlobals) = postSolution
		SolutionGuid = {756FB246-FB4F-4D0D-A4FA-190F613E581E}
	EndGlobalSection
EndGlobal
